
Microsoft Visual Studio Solution File, Format Version 12.00
# Visual Studio 15
VisualStudioVersion = 15.0.28307.421
MinimumVisualStudioVersion = 10.0.40219.1
Project("{9A19103F-16F7-4668-BE54-9A1E7A4F7556}") = "ReporTrx", "ReporTrx\ReporTrx.csproj", "{C64D5E6E-6B81-4846-913B-82825B67381C}"
EndProject
Project("{2150E333-8FDC-42A3-9474-1A3956D46DE8}") = "Solution Items", "Solution Items", "{7EBB51B9-90CC-4456-90F9-F44EA680AF95}"
	ProjectSection(SolutionItems) = preProject
		.gitignore = .gitignore
		LICENSE = LICENSE
		README.md = README.md
		Snapshot.png = Snapshot.png
	EndProjectSection
EndProject
Global
	GlobalSection(SolutionConfigurationPlatforms) = preSolution
		Debug|Any CPU = Debug|Any CPU
		Release|Any CPU = Release|Any CPU
	EndGlobalSection
	GlobalSection(ProjectConfigurationPlatforms) = postSolution
		{C64D5E6E-6B81-4846-913B-82825B67381C}.Debug|Any CPU.ActiveCfg = Debug|Any CPU
		{C64D5E6E-6B81-4846-913B-82825B67381C}.Debug|Any CPU.Build.0 = Debug|Any CPU
		{C64D5E6E-6B81-4846-913B-82825B67381C}.Release|Any CPU.ActiveCfg = Release|Any CPU
		{C64D5E6E-6B81-4846-913B-82825B67381C}.Release|Any CPU.Build.0 = Release|Any CPU
	EndGlobalSection
	GlobalSection(SolutionProperties) = preSolution
		HideSolutionNode = FALSE
	EndGlobalSection
	GlobalSection(ExtensibilityGlobals) = postSolution
		SolutionGuid = {4F7809B5-913D-44EE-97B4-2040F62C0278}
	EndGlobalSection
EndGlobal
